// !$*UTF8*$!
{
	archiveVersion = 1;
	classes = {
	};
	objectVersion = 51;
	objects = {

/* Begin PBXBuildFile section */
		03692B9D248AF74F00682EFD /* TotalPriceHeaderCell.swift in Sources */ = {isa = PBXBuildFile; fileRef = 03692B9C248AF74F00682EFD /* TotalPriceHeaderCell.swift */; };
		03692B9F248B055000682EFD /* CheckoutFooterCell.swift in Sources */ = {isa = PBXBuildFile; fileRef = 03692B9E248B055000682EFD /* CheckoutFooterCell.swift */; };
		03692BA2248B079300682EFD /* Invoice.swift in Sources */ = {isa = PBXBuildFile; fileRef = 03692BA1248B079300682EFD /* Invoice.swift */; };
		03692BA4248B088F00682EFD /* FormTextViewCell.swift in Sources */ = {isa = PBXBuildFile; fileRef = 03692BA3248B088F00682EFD /* FormTextViewCell.swift */; };
		03692BA6248B0D6400682EFD /* FormDropDownCell.swift in Sources */ = {isa = PBXBuildFile; fileRef = 03692BA5248B0D6400682EFD /* FormDropDownCell.swift */; };
		03692BA8248B108E00682EFD /* DropDownItem.swift in Sources */ = {isa = PBXBuildFile; fileRef = 03692BA7248B108E00682EFD /* DropDownItem.swift */; };
		0398D7BE248ADBAF006C76EF /* AppDelegate.swift in Sources */ = {isa = PBXBuildFile; fileRef = 0398D7BD248ADBAF006C76EF /* AppDelegate.swift */; };
		0398D7C0248ADBAF006C76EF /* SceneDelegate.swift in Sources */ = {isa = PBXBuildFile; fileRef = 0398D7BF248ADBAF006C76EF /* SceneDelegate.swift */; };
		0398D7C2248ADBAF006C76EF /* ViewController.swift in Sources */ = {isa = PBXBuildFile; fileRef = 0398D7C1248ADBAF006C76EF /* ViewController.swift */; };
		0398D7C7248ADBB1006C76EF /* Assets.xcassets in Resources */ = {isa = PBXBuildFile; fileRef = 0398D7C6248ADBB1006C76EF /* Assets.xcassets */; };
		0398D7D3248ADD58006C76EF /* paytabs-iOS.framework in Frameworks */ = {isa = PBXBuildFile; fileRef = 0398D7D1248ADD58006C76EF /* paytabs-iOS.framework */; };
		0398D7D4248ADD58006C76EF /* Resources.bundle in Resources */ = {isa = PBXBuildFile; fileRef = 0398D7D2248ADD58006C76EF /* Resources.bundle */; };
		0398D7DC248AE260006C76EF /* FormItemUI.swift in Sources */ = {isa = PBXBuildFile; fileRef = 0398D7DB248AE260006C76EF /* FormItemUI.swift */; };
		0398D7E0248AE35D006C76EF /* LaunchScreen.storyboard in Resources */ = {isa = PBXBuildFile; fileRef = 0398D7C8248ADBB1006C76EF /* LaunchScreen.storyboard */; };
		0398D7E2248AE374006C76EF /* FormItem.swift in Sources */ = {isa = PBXBuildFile; fileRef = 0398D7E1248AE374006C76EF /* FormItem.swift */; };
		0398D7E4248AE3A1006C76EF /* FormValidable.swift in Sources */ = {isa = PBXBuildFile; fileRef = 0398D7E3248AE3A1006C76EF /* FormValidable.swift */; };
		0398D7E6248AE45A006C76EF /* Form.swift in Sources */ = {isa = PBXBuildFile; fileRef = 0398D7E5248AE45A006C76EF /* Form.swift */; };
		0398D7EB248AE6FC006C76EF /* FormCellProtocol.swift in Sources */ = {isa = PBXBuildFile; fileRef = 0398D7EA248AE6FC006C76EF /* FormCellProtocol.swift */; };
		0398D7EE248AE73D006C76EF /* FormTextFieldCell.swift in Sources */ = {isa = PBXBuildFile; fileRef = 0398D7ED248AE73D006C76EF /* FormTextFieldCell.swift */; };
		0398D7F1248AE92B006C76EF /* UITableView+Extensions.swift in Sources */ = {isa = PBXBuildFile; fileRef = 0398D7F0248AE92B006C76EF /* UITableView+Extensions.swift */; };
		0398D7F3248AE9E7006C76EF /* FormItemCellType.swift in Sources */ = {isa = PBXBuildFile; fileRef = 0398D7F2248AE9E7006C76EF /* FormItemCellType.swift */; };
		3060DDCEF9A09DCE9BE2F324 /* libPods-instapay.a in Frameworks */ = {isa = PBXBuildFile; fileRef = 2981398E9242F582ED038C7F /* libPods-instapay.a */; };
/* End PBXBuildFile section */

/* Begin PBXFileReference section */
		03692B9C248AF74F00682EFD /* TotalPriceHeaderCell.swift */ = {isa = PBXFileReference; lastKnownFileType = sourcecode.swift; path = TotalPriceHeaderCell.swift; sourceTree = "<group>"; };
		03692B9E248B055000682EFD /* CheckoutFooterCell.swift */ = {isa = PBXFileReference; lastKnownFileType = sourcecode.swift; path = CheckoutFooterCell.swift; sourceTree = "<group>"; };
		03692BA1248B079300682EFD /* Invoice.swift */ = {isa = PBXFileReference; lastKnownFileType = sourcecode.swift; path = Invoice.swift; sourceTree = "<group>"; };
		03692BA3248B088F00682EFD /* FormTextViewCell.swift */ = {isa = PBXFileReference; fileEncoding = 4; lastKnownFileType = sourcecode.swift; path = FormTextViewCell.swift; sourceTree = "<group>"; };
		03692BA5248B0D6400682EFD /* FormDropDownCell.swift */ = {isa = PBXFileReference; fileEncoding = 4; lastKnownFileType = sourcecode.swift; path = FormDropDownCell.swift; sourceTree = "<group>"; };
		03692BA7248B108E00682EFD /* DropDownItem.swift */ = {isa = PBXFileReference; lastKnownFileType = sourcecode.swift; path = DropDownItem.swift; sourceTree = "<group>"; };
		0398D7BA248ADBAF006C76EF /* instapay.app */ = {isa = PBXFileReference; explicitFileType = wrapper.application; includeInIndex = 0; path = instapay.app; sourceTree = BUILT_PRODUCTS_DIR; };
		0398D7BD248ADBAF006C76EF /* AppDelegate.swift */ = {isa = PBXFileReference; lastKnownFileType = sourcecode.swift; path = AppDelegate.swift; sourceTree = "<group>"; };
		0398D7BF248ADBAF006C76EF /* SceneDelegate.swift */ = {isa = PBXFileReference; lastKnownFileType = sourcecode.swift; path = SceneDelegate.swift; sourceTree = "<group>"; };
		0398D7C1248ADBAF006C76EF /* ViewController.swift */ = {isa = PBXFileReference; lastKnownFileType = sourcecode.swift; path = ViewController.swift; sourceTree = "<group>"; };
		0398D7C6248ADBB1006C76EF /* Assets.xcassets */ = {isa = PBXFileReference; lastKnownFileType = folder.assetcatalog; path = Assets.xcassets; sourceTree = "<group>"; };
		0398D7C9248ADBB1006C76EF /* Base */ = {isa = PBXFileReference; lastKnownFileType = file.storyboard; name = Base; path = Base.lproj/LaunchScreen.storyboard; sourceTree = "<group>"; };
		0398D7CB248ADBB1006C76EF /* Info.plist */ = {isa = PBXFileReference; lastKnownFileType = text.plist.xml; path = Info.plist; sourceTree = "<group>"; };
		0398D7D1248ADD58006C76EF /* paytabs-iOS.framework */ = {isa = PBXFileReference; lastKnownFileType = wrapper.framework; path = "paytabs-iOS.framework"; sourceTree = "<group>"; };
		0398D7D2248ADD58006C76EF /* Resources.bundle */ = {isa = PBXFileReference; lastKnownFileType = "wrapper.plug-in"; path = Resources.bundle; sourceTree = "<group>"; };
		0398D7D6248ADD61006C76EF /* instapay-Bridging-Header.h */ = {isa = PBXFileReference; fileEncoding = 4; lastKnownFileType = sourcecode.c.h; path = "instapay-Bridging-Header.h"; sourceTree = "<group>"; };
		0398D7DB248AE260006C76EF /* FormItemUI.swift */ = {isa = PBXFileReference; lastKnownFileType = sourcecode.swift; path = FormItemUI.swift; sourceTree = "<group>"; };
		0398D7E1248AE374006C76EF /* FormItem.swift */ = {isa = PBXFileReference; lastKnownFileType = sourcecode.swift; path = FormItem.swift; sourceTree = "<group>"; };
		0398D7E3248AE3A1006C76EF /* FormValidable.swift */ = {isa = PBXFileReference; lastKnownFileType = sourcecode.swift; path = FormValidable.swift; sourceTree = "<group>"; };
		0398D7E5248AE45A006C76EF /* Form.swift */ = {isa = PBXFileReference; lastKnownFileType = sourcecode.swift; path = Form.swift; sourceTree = "<group>"; };
		0398D7EA248AE6FC006C76EF /* FormCellProtocol.swift */ = {isa = PBXFileReference; lastKnownFileType = sourcecode.swift; path = FormCellProtocol.swift; sourceTree = "<group>"; };
		0398D7ED248AE73D006C76EF /* FormTextFieldCell.swift */ = {isa = PBXFileReference; lastKnownFileType = sourcecode.swift; path = FormTextFieldCell.swift; sourceTree = "<group>"; };
		0398D7F0248AE92B006C76EF /* UITableView+Extensions.swift */ = {isa = PBXFileReference; lastKnownFileType = sourcecode.swift; path = "UITableView+Extensions.swift"; sourceTree = "<group>"; };
		0398D7F2248AE9E7006C76EF /* FormItemCellType.swift */ = {isa = PBXFileReference; lastKnownFileType = sourcecode.swift; path = FormItemCellType.swift; sourceTree = "<group>"; };
		13E7A56A37E1D022B984DB12 /* Pods-instapay.release.xcconfig */ = {isa = PBXFileReference; includeInIndex = 1; lastKnownFileType = text.xcconfig; name = "Pods-instapay.release.xcconfig"; path = "Target Support Files/Pods-instapay/Pods-instapay.release.xcconfig"; sourceTree = "<group>"; };
		2981398E9242F582ED038C7F /* libPods-instapay.a */ = {isa = PBXFileReference; explicitFileType = archive.ar; includeInIndex = 0; path = "libPods-instapay.a"; sourceTree = BUILT_PRODUCTS_DIR; };
		E9E5306307E9417E0690E7D8 /* Pods-instapay.debug.xcconfig */ = {isa = PBXFileReference; includeInIndex = 1; lastKnownFileType = text.xcconfig; name = "Pods-instapay.debug.xcconfig"; path = "Target Support Files/Pods-instapay/Pods-instapay.debug.xcconfig"; sourceTree = "<group>"; };
/* End PBXFileReference section */

/* Begin PBXFrameworksBuildPhase section */
		0398D7B7248ADBAF006C76EF /* Frameworks */ = {
			isa = PBXFrameworksBuildPhase;
			buildActionMask = 2147483647;
			files = (
				0398D7D3248ADD58006C76EF /* paytabs-iOS.framework in Frameworks */,
				3060DDCEF9A09DCE9BE2F324 /* libPods-instapay.a in Frameworks */,
			);
			runOnlyForDeploymentPostprocessing = 0;
		};
/* End PBXFrameworksBuildPhase section */

/* Begin PBXGroup section */
		03692B9B248AF73C00682EFD /* Cells */ = {
			isa = PBXGroup;
			children = (
				03692B9C248AF74F00682EFD /* TotalPriceHeaderCell.swift */,
				03692B9E248B055000682EFD /* CheckoutFooterCell.swift */,
			);
			path = Cells;
			sourceTree = "<group>";
		};
		03692BA0248B070100682EFD /* Utils */ = {
			isa = PBXGroup;
			children = (
				0398D7E5248AE45A006C76EF /* Form.swift */,
			);
			path = Utils;
			sourceTree = "<group>";
		};
		0398D7B1248ADBAF006C76EF = {
			isa = PBXGroup;
			children = (
				0398D7BC248ADBAF006C76EF /* instapay */,
				0398D7BB248ADBAF006C76EF /* Products */,
				605525CF9776B612711AF1BE /* Pods */,
				271514A04D92395EEF003B45 /* Frameworks */,
			);
			sourceTree = "<group>";
		};
		0398D7BB248ADBAF006C76EF /* Products */ = {
			isa = PBXGroup;
			children = (
				0398D7BA248ADBAF006C76EF /* instapay.app */,
			);
			name = Products;
			sourceTree = "<group>";
		};
		0398D7BC248ADBAF006C76EF /* instapay */ = {
			isa = PBXGroup;
			children = (
				0398D7D5248ADD61006C76EF /* BridgeHeader */,
				0398D7D1248ADD58006C76EF /* paytabs-iOS.framework */,
				0398D7D2248ADD58006C76EF /* Resources.bundle */,
				0398D7EF248AE91B006C76EF /* Extensions */,
				0398D7D9248AE20E006C76EF /* Common */,
				0398D7DA248AE24A006C76EF /* Models */,
				0398D7E7248AE6AB006C76EF /* Utilities */,
				0398D7D7248AE1FA006C76EF /* Scenes */,
				0398D7CB248ADBB1006C76EF /* Info.plist */,
			);
			path = instapay;
			sourceTree = "<group>";
		};
		0398D7D5248ADD61006C76EF /* BridgeHeader */ = {
			isa = PBXGroup;
			children = (
				0398D7D6248ADD61006C76EF /* instapay-Bridging-Header.h */,
			);
			path = BridgeHeader;
			sourceTree = "<group>";
		};
		0398D7D7248AE1FA006C76EF /* Scenes */ = {
			isa = PBXGroup;
			children = (
				0398D7D8248AE204006C76EF /* Main */,
			);
			path = Scenes;
			sourceTree = "<group>";
		};
		0398D7D8248AE204006C76EF /* Main */ = {
			isa = PBXGroup;
			children = (
				03692BA0248B070100682EFD /* Utils */,
				0398D7C1248ADBAF006C76EF /* ViewController.swift */,
				03692B9B248AF73C00682EFD /* Cells */,
			);
			path = Main;
			sourceTree = "<group>";
		};
		0398D7D9248AE20E006C76EF /* Common */ = {
			isa = PBXGroup;
			children = (
				0398D7C8248ADBB1006C76EF /* LaunchScreen.storyboard */,
				0398D7C6248ADBB1006C76EF /* Assets.xcassets */,
				0398D7BD248ADBAF006C76EF /* AppDelegate.swift */,
				0398D7BF248ADBAF006C76EF /* SceneDelegate.swift */,
			);
			path = Common;
			sourceTree = "<group>";
		};
		0398D7DA248AE24A006C76EF /* Models */ = {
			isa = PBXGroup;
			children = (
				03692BA1248B079300682EFD /* Invoice.swift */,
				03692BA7248B108E00682EFD /* DropDownItem.swift */,
			);
			path = Models;
			sourceTree = "<group>";
		};
		0398D7DD248AE263006C76EF /* Entities */ = {
			isa = PBXGroup;
			children = (
				0398D7DB248AE260006C76EF /* FormItemUI.swift */,
				0398D7E1248AE374006C76EF /* FormItem.swift */,
				0398D7F2248AE9E7006C76EF /* FormItemCellType.swift */,
			);
			path = Entities;
			sourceTree = "<group>";
		};
		0398D7E7248AE6AB006C76EF /* Utilities */ = {
			isa = PBXGroup;
			children = (
				0398D7E8248AE6B6006C76EF /* FormManager */,
			);
			path = Utilities;
			sourceTree = "<group>";
		};
		0398D7E8248AE6B6006C76EF /* FormManager */ = {
			isa = PBXGroup;
			children = (
				0398D7EC248AE72F006C76EF /* Cells */,
				0398D7E9248AE6CB006C76EF /* Protocols */,
				0398D7DD248AE263006C76EF /* Entities */,
			);
			path = FormManager;
			sourceTree = "<group>";
		};
		0398D7E9248AE6CB006C76EF /* Protocols */ = {
			isa = PBXGroup;
			children = (
				0398D7E3248AE3A1006C76EF /* FormValidable.swift */,
				0398D7EA248AE6FC006C76EF /* FormCellProtocol.swift */,
			);
			path = Protocols;
			sourceTree = "<group>";
		};
		0398D7EC248AE72F006C76EF /* Cells */ = {
			isa = PBXGroup;
			children = (
				0398D7ED248AE73D006C76EF /* FormTextFieldCell.swift */,
				03692BA3248B088F00682EFD /* FormTextViewCell.swift */,
				03692BA5248B0D6400682EFD /* FormDropDownCell.swift */,
			);
			path = Cells;
			sourceTree = "<group>";
		};
		0398D7EF248AE91B006C76EF /* Extensions */ = {
			isa = PBXGroup;
			children = (
				0398D7F0248AE92B006C76EF /* UITableView+Extensions.swift */,
			);
			path = Extensions;
			sourceTree = "<group>";
		};
		271514A04D92395EEF003B45 /* Frameworks */ = {
			isa = PBXGroup;
			children = (
				2981398E9242F582ED038C7F /* libPods-instapay.a */,
			);
			name = Frameworks;
			sourceTree = "<group>";
		};
		605525CF9776B612711AF1BE /* Pods */ = {
			isa = PBXGroup;
			children = (
				E9E5306307E9417E0690E7D8 /* Pods-instapay.debug.xcconfig */,
				13E7A56A37E1D022B984DB12 /* Pods-instapay.release.xcconfig */,
			);
			path = Pods;
			sourceTree = "<group>";
		};
/* End PBXGroup section */

/* Begin PBXNativeTarget section */
		0398D7B9248ADBAF006C76EF /* instapay */ = {
			isa = PBXNativeTarget;
			buildConfigurationList = 0398D7CE248ADBB1006C76EF /* Build configuration list for PBXNativeTarget "instapay" */;
			buildPhases = (
				93C0484A59C2579FB81DFE95 /* [CP] Check Pods Manifest.lock */,
				0398D7B6248ADBAF006C76EF /* Sources */,
				0398D7B7248ADBAF006C76EF /* Frameworks */,
				0398D7B8248ADBAF006C76EF /* Resources */,
				4ABA27713258D4DD85331094 /* [CP] Embed Pods Frameworks */,
				DAAC9854504EFCB0EE7717FC /* [CP] Copy Pods Resources */,
			);
			buildRules = (
			);
			dependencies = (
			);
			name = instapay;
			productName = instapay;
			productReference = 0398D7BA248ADBAF006C76EF /* instapay.app */;
			productType = "com.apple.product-type.application";
		};
/* End PBXNativeTarget section */

/* Begin PBXProject section */
		0398D7B2248ADBAF006C76EF /* Project object */ = {
			isa = PBXProject;
			attributes = {
				LastSwiftUpdateCheck = 1130;
				LastUpgradeCheck = 1130;
				ORGANIZATIONNAME = "Osama Gamal";
				TargetAttributes = {
					0398D7B9248ADBAF006C76EF = {
						CreatedOnToolsVersion = 11.3.1;
					};
				};
			};
			buildConfigurationList = 0398D7B5248ADBAF006C76EF /* Build configuration list for PBXProject "instapay" */;
			compatibilityVersion = "Xcode 9.3";
			developmentRegion = en;
			hasScannedForEncodings = 0;
			knownRegions = (
				en,
				Base,
			);
			mainGroup = 0398D7B1248ADBAF006C76EF;
			productRefGroup = 0398D7BB248ADBAF006C76EF /* Products */;
			projectDirPath = "";
			projectRoot = "";
			targets = (
				0398D7B9248ADBAF006C76EF /* instapay */,
			);
		};
/* End PBXProject section */

/* Begin PBXResourcesBuildPhase section */
		0398D7B8248ADBAF006C76EF /* Resources */ = {
			isa = PBXResourcesBuildPhase;
			buildActionMask = 2147483647;
			files = (
				0398D7E0248AE35D006C76EF /* LaunchScreen.storyboard in Resources */,
				0398D7D4248ADD58006C76EF /* Resources.bundle in Resources */,
				0398D7C7248ADBB1006C76EF /* Assets.xcassets in Resources */,
			);
			runOnlyForDeploymentPostprocessing = 0;
		};
/* End PBXResourcesBuildPhase section */

/* Begin PBXShellScriptBuildPhase section */
		4ABA27713258D4DD85331094 /* [CP] Embed Pods Frameworks */ = {
			isa = PBXShellScriptBuildPhase;
			buildActionMask = 2147483647;
			files = (
			);
			inputFileListPaths = (
				"${PODS_ROOT}/Target Support Files/Pods-instapay/Pods-instapay-frameworks-${CONFIGURATION}-input-files.xcfilelist",
			);
			name = "[CP] Embed Pods Frameworks";
			outputFileListPaths = (
				"${PODS_ROOT}/Target Support Files/Pods-instapay/Pods-instapay-frameworks-${CONFIGURATION}-output-files.xcfilelist",
			);
			runOnlyForDeploymentPostprocessing = 0;
			shellPath = /bin/sh;
			shellScript = "\"${PODS_ROOT}/Target Support Files/Pods-instapay/Pods-instapay-frameworks.sh\"\n";
			showEnvVarsInLog = 0;
		};
		93C0484A59C2579FB81DFE95 /* [CP] Check Pods Manifest.lock */ = {
			isa = PBXShellScriptBuildPhase;
			buildActionMask = 2147483647;
			files = (
			);
			inputFileListPaths = (
			);
			inputPaths = (
				"${PODS_PODFILE_DIR_PATH}/Podfile.lock",
				"${PODS_ROOT}/Manifest.lock",
			);
			name = "[CP] Check Pods Manifest.lock";
			outputFileListPaths = (
			);
			outputPaths = (
				"$(DERIVED_FILE_DIR)/Pods-instapay-checkManifestLockResult.txt",
			);
			runOnlyForDeploymentPostprocessing = 0;
			shellPath = /bin/sh;
			shellScript = "diff \"${PODS_PODFILE_DIR_PATH}/Podfile.lock\" \"${PODS_ROOT}/Manifest.lock\" > /dev/null\nif [ $? != 0 ] ; then\n    # print error to STDERR\n    echo \"error: The sandbox is not in sync with the Podfile.lock. Run 'pod install' or update your CocoaPods installation.\" >&2\n    exit 1\nfi\n# This output is used by Xcode 'outputs' to avoid re-running this script phase.\necho \"SUCCESS\" > \"${SCRIPT_OUTPUT_FILE_0}\"\n";
			showEnvVarsInLog = 0;
		};
		DAAC9854504EFCB0EE7717FC /* [CP] Copy Pods Resources */ = {
			isa = PBXShellScriptBuildPhase;
			buildActionMask = 2147483647;
			files = (
			);
			inputFileListPaths = (
				"${PODS_ROOT}/Target Support Files/Pods-instapay/Pods-instapay-resources-${CONFIGURATION}-input-files.xcfilelist",
			);
			name = "[CP] Copy Pods Resources";
			outputFileListPaths = (
				"${PODS_ROOT}/Target Support Files/Pods-instapay/Pods-instapay-resources-${CONFIGURATION}-output-files.xcfilelist",
			);
			runOnlyForDeploymentPostprocessing = 0;
			shellPath = /bin/sh;
			shellScript = "\"${PODS_ROOT}/Target Support Files/Pods-instapay/Pods-instapay-resources.sh\"\n";
			showEnvVarsInLog = 0;
		};
/* End PBXShellScriptBuildPhase section */

/* Begin PBXSourcesBuildPhase section */
		0398D7B6248ADBAF006C76EF /* Sources */ = {
			isa = PBXSourcesBuildPhase;
			buildActionMask = 2147483647;
			files = (
				03692BA8248B108E00682EFD /* DropDownItem.swift in Sources */,
				0398D7E4248AE3A1006C76EF /* FormValidable.swift in Sources */,
				03692B9D248AF74F00682EFD /* TotalPriceHeaderCell.swift in Sources */,
				03692BA6248B0D6400682EFD /* FormDropDownCell.swift in Sources */,
				0398D7EE248AE73D006C76EF /* FormTextFieldCell.swift in Sources */,
				03692BA2248B079300682EFD /* Invoice.swift in Sources */,
				03692B9F248B055000682EFD /* CheckoutFooterCell.swift in Sources */,
				0398D7E2248AE374006C76EF /* FormItem.swift in Sources */,
				0398D7F3248AE9E7006C76EF /* FormItemCellType.swift in Sources */,
				03692BA4248B088F00682EFD /* FormTextViewCell.swift in Sources */,
				0398D7C2248ADBAF006C76EF /* ViewController.swift in Sources */,
				0398D7DC248AE260006C76EF /* FormItemUI.swift in Sources */,
				0398D7F1248AE92B006C76EF /* UITableView+Extensions.swift in Sources */,
				0398D7BE248ADBAF006C76EF /* AppDelegate.swift in Sources */,
				0398D7E6248AE45A006C76EF /* Form.swift in Sources */,
				0398D7C0248ADBAF006C76EF /* SceneDelegate.swift in Sources */,
				0398D7EB248AE6FC006C76EF /* FormCellProtocol.swift in Sources */,
			);
			runOnlyForDeploymentPostprocessing = 0;
		};
/* End PBXSourcesBuildPhase section */

/* Begin PBXVariantGroup section */
		0398D7C8248ADBB1006C76EF /* LaunchScreen.storyboard */ = {
			isa = PBXVariantGroup;
			children = (
				0398D7C9248ADBB1006C76EF /* Base */,
			);
			name = LaunchScreen.storyboard;
			sourceTree = "<group>";
		};
/* End PBXVariantGroup section */

/* Begin XCBuildConfiguration section */
		0398D7CC248ADBB1006C76EF /* Debug */ = {
			isa = XCBuildConfiguration;
			buildSettings = {
				ALWAYS_SEARCH_USER_PATHS = NO;
				CLANG_ANALYZER_NONNULL = YES;
				CLANG_ANALYZER_NUMBER_OBJECT_CONVERSION = YES_AGGRESSIVE;
				CLANG_CXX_LANGUAGE_STANDARD = "gnu++14";
				CLANG_CXX_LIBRARY = "libc++";
				CLANG_ENABLE_MODULES = YES;
				CLANG_ENABLE_OBJC_ARC = YES;
				CLANG_ENABLE_OBJC_WEAK = YES;
				CLANG_WARN_BLOCK_CAPTURE_AUTORELEASING = YES;
				CLANG_WARN_BOOL_CONVERSION = YES;
				CLANG_WARN_COMMA = YES;
				CLANG_WARN_CONSTANT_CONVERSION = YES;
				CLANG_WARN_DEPRECATED_OBJC_IMPLEMENTATIONS = YES;
				CLANG_WARN_DIRECT_OBJC_ISA_USAGE = YES_ERROR;
				CLANG_WARN_DOCUMENTATION_COMMENTS = YES;
				CLANG_WARN_EMPTY_BODY = YES;
				CLANG_WARN_ENUM_CONVERSION = YES;
				CLANG_WARN_INFINITE_RECURSION = YES;
				CLANG_WARN_INT_CONVERSION = YES;
				CLANG_WARN_NON_LITERAL_NULL_CONVERSION = YES;
				CLANG_WARN_OBJC_IMPLICIT_RETAIN_SELF = YES;
				CLANG_WARN_OBJC_LITERAL_CONVERSION = YES;
				CLANG_WARN_OBJC_ROOT_CLASS = YES_ERROR;
				CLANG_WARN_RANGE_LOOP_ANALYSIS = YES;
				CLANG_WARN_STRICT_PROTOTYPES = YES;
				CLANG_WARN_SUSPICIOUS_MOVE = YES;
				CLANG_WARN_UNGUARDED_AVAILABILITY = YES_AGGRESSIVE;
				CLANG_WARN_UNREACHABLE_CODE = YES;
				CLANG_WARN__DUPLICATE_METHOD_MATCH = YES;
				COPY_PHASE_STRIP = NO;
				DEBUG_INFORMATION_FORMAT = dwarf;
				ENABLE_STRICT_OBJC_MSGSEND = YES;
				ENABLE_TESTABILITY = YES;
				GCC_C_LANGUAGE_STANDARD = gnu11;
				GCC_DYNAMIC_NO_PIC = NO;
				GCC_NO_COMMON_BLOCKS = YES;
				GCC_OPTIMIZATION_LEVEL = 0;
				GCC_PREPROCESSOR_DEFINITIONS = (
					"DEBUG=1",
					"$(inherited)",
				);
				GCC_WARN_64_TO_32_BIT_CONVERSION = YES;
				GCC_WARN_ABOUT_RETURN_TYPE = YES_ERROR;
				GCC_WARN_UNDECLARED_SELECTOR = YES;
				GCC_WARN_UNINITIALIZED_AUTOS = YES_AGGRESSIVE;
				GCC_WARN_UNUSED_FUNCTION = YES;
				GCC_WARN_UNUSED_VARIABLE = YES;
				IPHONEOS_DEPLOYMENT_TARGET = 13.2;
				MTL_ENABLE_DEBUG_INFO = INCLUDE_SOURCE;
				MTL_FAST_MATH = YES;
				ONLY_ACTIVE_ARCH = YES;
				SDKROOT = iphoneos;
				SWIFT_ACTIVE_COMPILATION_CONDITIONS = DEBUG;
				SWIFT_OPTIMIZATION_LEVEL = "-Onone";
			};
			name = Debug;
		};
		0398D7CD248ADBB1006C76EF /* Release */ = {
			isa = XCBuildConfiguration;
			buildSettings = {
				ALWAYS_SEARCH_USER_PATHS = NO;
				CLANG_ANALYZER_NONNULL = YES;
				CLANG_ANALYZER_NUMBER_OBJECT_CONVERSION = YES_AGGRESSIVE;
				CLANG_CXX_LANGUAGE_STANDARD = "gnu++14";
				CLANG_CXX_LIBRARY = "libc++";
				CLANG_ENABLE_MODULES = YES;
				CLANG_ENABLE_OBJC_ARC = YES;
				CLANG_ENABLE_OBJC_WEAK = YES;
				CLANG_WARN_BLOCK_CAPTURE_AUTORELEASING = YES;
				CLANG_WARN_BOOL_CONVERSION = YES;
				CLANG_WARN_COMMA = YES;
				CLANG_WARN_CONSTANT_CONVERSION = YES;
				CLANG_WARN_DEPRECATED_OBJC_IMPLEMENTATIONS = YES;
				CLANG_WARN_DIRECT_OBJC_ISA_USAGE = YES_ERROR;
				CLANG_WARN_DOCUMENTATION_COMMENTS = YES;
				CLANG_WARN_EMPTY_BODY = YES;
				CLANG_WARN_ENUM_CONVERSION = YES;
				CLANG_WARN_INFINITE_RECURSION = YES;
				CLANG_WARN_INT_CONVERSION = YES;
				CLANG_WARN_NON_LITERAL_NULL_CONVERSION = YES;
				CLANG_WARN_OBJC_IMPLICIT_RETAIN_SELF = YES;
				CLANG_WARN_OBJC_LITERAL_CONVERSION = YES;
				CLANG_WARN_OBJC_ROOT_CLASS = YES_ERROR;
				CLANG_WARN_RANGE_LOOP_ANALYSIS = YES;
				CLANG_WARN_STRICT_PROTOTYPES = YES;
				CLANG_WARN_SUSPICIOUS_MOVE = YES;
				CLANG_WARN_UNGUARDED_AVAILABILITY = YES_AGGRESSIVE;
				CLANG_WARN_UNREACHABLE_CODE = YES;
				CLANG_WARN__DUPLICATE_METHOD_MATCH = YES;
				COPY_PHASE_STRIP = NO;
				DEBUG_INFORMATION_FORMAT = "dwarf-with-dsym";
				ENABLE_NS_ASSERTIONS = NO;
				ENABLE_STRICT_OBJC_MSGSEND = YES;
				GCC_C_LANGUAGE_STANDARD = gnu11;
				GCC_NO_COMMON_BLOCKS = YES;
				GCC_WARN_64_TO_32_BIT_CONVERSION = YES;
				GCC_WARN_ABOUT_RETURN_TYPE = YES_ERROR;
				GCC_WARN_UNDECLARED_SELECTOR = YES;
				GCC_WARN_UNINITIALIZED_AUTOS = YES_AGGRESSIVE;
				GCC_WARN_UNUSED_FUNCTION = YES;
				GCC_WARN_UNUSED_VARIABLE = YES;
				IPHONEOS_DEPLOYMENT_TARGET = 13.2;
				MTL_ENABLE_DEBUG_INFO = NO;
				MTL_FAST_MATH = YES;
				SDKROOT = iphoneos;
				SWIFT_COMPILATION_MODE = wholemodule;
				SWIFT_OPTIMIZATION_LEVEL = "-O";
				VALIDATE_PRODUCT = YES;
			};
			name = Release;
		};
		0398D7CF248ADBB1006C76EF /* Debug */ = {
			isa = XCBuildConfiguration;
			baseConfigurationReference = E9E5306307E9417E0690E7D8 /* Pods-instapay.debug.xcconfig */;
			buildSettings = {
				ASSETCATALOG_COMPILER_APPICON_NAME = AppIcon;
				CODE_SIGN_STYLE = Automatic;
				DEVELOPMENT_TEAM = 3LX2WT33H2;
				FRAMEWORK_SEARCH_PATHS = (
					"$(inherited)",
					"$(PROJECT_DIR)/instapay",
				);
				INFOPLIST_FILE = instapay/Info.plist;
				LD_RUNPATH_SEARCH_PATHS = (
					"$(inherited)",
					"@executable_path/Frameworks",
				);
				PRODUCT_BUNDLE_IDENTIFIER = com.i0sa.instapay;
				PRODUCT_NAME = "$(TARGET_NAME)";
				SWIFT_OBJC_BRIDGING_HEADER = "$(SRCROOT)/instapay/BridgeHeader/instapay-Bridging-Header.h";
				SWIFT_VERSION = 5.0;
				TARGETED_DEVICE_FAMILY = 1;
			};
			name = Debug;
		};
		0398D7D0248ADBB1006C76EF /* Release */ = {
			isa = XCBuildConfiguration;
			baseConfigurationReference = 13E7A56A37E1D022B984DB12 /* Pods-instapay.release.xcconfig */;
			buildSettings = {
				ASSETCATALOG_COMPILER_APPICON_NAME = AppIcon;
				CODE_SIGN_STYLE = Automatic;
				DEVELOPMENT_TEAM = 3LX2WT33H2;
				FRAMEWORK_SEARCH_PATHS = (
					"$(inherited)",
					"$(PROJECT_DIR)/instapay",
				);
				INFOPLIST_FILE = instapay/Info.plist;
				LD_RUNPATH_SEARCH_PATHS = (
					"$(inherited)",
					"@executable_path/Frameworks",
				);
				PRODUCT_BUNDLE_IDENTIFIER = com.i0sa.instapay;
				PRODUCT_NAME = "$(TARGET_NAME)";
				SWIFT_OBJC_BRIDGING_HEADER = "$(SRCROOT)/instapay/BridgeHeader/instapay-Bridging-Header.h";
				SWIFT_VERSION = 5.0;
				TARGETED_DEVICE_FAMILY = 1;
			};
			name = Release;
		};
/* End XCBuildConfiguration section */

/* Begin XCConfigurationList section */
		0398D7B5248ADBAF006C76EF /* Build configuration list for PBXProject "instapay" */ = {
			isa = XCConfigurationList;
			buildConfigurations = (
				0398D7CC248ADBB1006C76EF /* Debug */,
				0398D7CD248ADBB1006C76EF /* Release */,
			);
			defaultConfigurationIsVisible = 0;
			defaultConfigurationName = Release;
		};
		0398D7CE248ADBB1006C76EF /* Build configuration list for PBXNativeTarget "instapay" */ = {
			isa = XCConfigurationList;
			buildConfigurations = (
				0398D7CF248ADBB1006C76EF /* Debug */,
				0398D7D0248ADBB1006C76EF /* Release */,
			);
			defaultConfigurationIsVisible = 0;
			defaultConfigurationName = Release;
		};
/* End XCConfigurationList section */
	};
	rootObject = 0398D7B2248ADBAF006C76EF /* Project object */;
}
